{
  "lockfileVersion": 1,
  "configVersion": 1,
  "workspaces": {
    "": {
      "name": "relay",
      "dependencies": {
        "@ai-sdk/openai-compatible": "^0.1.8",
        "@elysiajs/openapi": "^1.2.5",
        "ai": "^4.3.16",
        "dotenv": "^17.2.3",
        "elysia": "^1.2.25",
      },
      "devDependencies": {
        "@biomejs/biome": "2.2.6",
        "@types/bun": "^1.2.10",
        "fern-api": "3.90.7",
        "typescript": "^5.8.3",
      },
    },
  },
  "packages": {
    "@ai-sdk/openai-compatible": ["@ai-sdk/openai-compatible@0.1.17", "", { "dependencies": { "@ai-sdk/provider": "1.0.12", "@ai-sdk/provider-utils": "2.1.15" }, "peerDependencies": { "zod": "^3.0.0" } }, "sha512-e60+yxQ29e8RlsTWBW4kLuQJMpVJzH5+cpOeUXLXU6M9wc8BOQCyYg4jYh2ldnfvYCKXYxb2kYeLW7L9fqhhMw=="],

    "@ai-sdk/provider": ["@ai-sdk/provider@1.0.12", "", { "dependencies": { "json-schema": "^0.4.0" } }, "sha512-88Uu1zJIE1UUOVJWfE2ybJXgiH8JJ97QY9fbmplErEbfa/k/1kF+tWMVAAJolF2aOGmazQGyQLhv4I9CCuVACw=="],

    "@ai-sdk/provider-utils": ["@ai-sdk/provider-utils@2.1.15", "", { "dependencies": { "@ai-sdk/provider": "1.0.12", "eventsource-parser": "^3.0.0", "nanoid": "^3.3.8", "secure-json-parse": "^2.7.0" }, "peerDependencies": { "zod": "^3.0.0" }, "optionalPeers": ["zod"] }, "sha512-ndMVtDm2xS86t45CJZSfyl7UblZFewRB8gZkXQHeNi7BhjCYkhE+XQMwfDl6UOAO7kaV60IC1R4JLDWxWiiHug=="],

    "@ai-sdk/react": ["@ai-sdk/react@1.2.12", "", { "dependencies": { "@ai-sdk/provider-utils": "2.2.8", "@ai-sdk/ui-utils": "1.2.11", "swr": "^2.2.5", "throttleit": "2.1.0" }, "peerDependencies": { "react": "^18 || ^19 || ^19.0.0-rc", "zod": "^3.23.8" }, "optionalPeers": ["zod"] }, "sha512-jK1IZZ22evPZoQW3vlkZ7wvjYGYF+tRBKXtrcolduIkQ/m/sOAVcVeVDUDvh1T91xCnWCdUGCPZg2avZ90mv3g=="],

    "@ai-sdk/ui-utils": ["@ai-sdk/ui-utils@1.2.11", "", { "dependencies": { "@ai-sdk/provider": "1.1.3", "@ai-sdk/provider-utils": "2.2.8", "zod-to-json-schema": "^3.24.1" }, "peerDependencies": { "zod": "^3.23.8" } }, "sha512-3zcwCc8ezzFlwp3ZD15wAPjf2Au4s3vAbKsXQVyhxODHcmu0iyPO2Eua6D/vicq/AUm/BAo60r97O6HU+EI0+w=="],

    "@biomejs/biome": ["@biomejs/biome@2.2.6", "", { "optionalDependencies": { "@biomejs/cli-darwin-arm64": "2.2.6", "@biomejs/cli-darwin-x64": "2.2.6", "@biomejs/cli-linux-arm64": "2.2.6", "@biomejs/cli-linux-arm64-musl": "2.2.6", "@biomejs/cli-linux-x64": "2.2.6", "@biomejs/cli-linux-x64-musl": "2.2.6", "@biomejs/cli-win32-arm64": "2.2.6", "@biomejs/cli-win32-x64": "2.2.6" }, "bin": { "biome": "bin/biome" } }, "sha512-yKTCNGhek0rL5OEW1jbLeZX8LHaM8yk7+3JRGv08my+gkpmtb5dDE+54r2ZjZx0ediFEn1pYBOJSmOdDP9xtFw=="],

    "@biomejs/cli-darwin-arm64": ["@biomejs/cli-darwin-arm64@2.2.6", "", { "os": "darwin", "cpu": "arm64" }, "sha512-UZPmn3M45CjTYulgcrFJFZv7YmK3pTxTJDrFYlNElT2FNnkkX4fsxjExTSMeWKQYoZjvekpH5cvrYZZlWu3yfA=="],

    "@biomejs/cli-darwin-x64": ["@biomejs/cli-darwin-x64@2.2.6", "", { "os": "darwin", "cpu": "x64" }, "sha512-HOUIquhHVgh/jvxyClpwlpl/oeMqntlteL89YqjuFDiZ091P0vhHccwz+8muu3nTyHWM5FQslt+4Jdcd67+xWQ=="],

    "@biomejs/cli-linux-arm64": ["@biomejs/cli-linux-arm64@2.2.6", "", { "os": "linux", "cpu": "arm64" }, "sha512-BpGtuMJGN+o8pQjvYsUKZ+4JEErxdSmcRD/JG3mXoWc6zrcA7OkuyGFN1mDggO0Q1n7qXxo/PcupHk8gzijt5g=="],

    "@biomejs/cli-linux-arm64-musl": ["@biomejs/cli-linux-arm64-musl@2.2.6", "", { "os": "linux", "cpu": "arm64" }, "sha512-TjCenQq3N6g1C+5UT3jE1bIiJb5MWQvulpUngTIpFsL4StVAUXucWD0SL9MCW89Tm6awWfeXBbZBAhJwjyFbRQ=="],

    "@biomejs/cli-linux-x64": ["@biomejs/cli-linux-x64@2.2.6", "", { "os": "linux", "cpu": "x64" }, "sha512-1HaM/dpI/1Z68zp8ZdT6EiBq+/O/z97a2AiHMl+VAdv5/ELckFt9EvRb8hDHpk8hUMoz03gXkC7VPXOVtU7faA=="],

    "@biomejs/cli-linux-x64-musl": ["@biomejs/cli-linux-x64-musl@2.2.6", "", { "os": "linux", "cpu": "x64" }, "sha512-1ZcBux8zVM3JhWN2ZCPaYf0+ogxXG316uaoXJdgoPZcdK/rmRcRY7PqHdAos2ExzvjIdvhQp72UcveI98hgOog=="],

    "@biomejs/cli-win32-arm64": ["@biomejs/cli-win32-arm64@2.2.6", "", { "os": "win32", "cpu": "arm64" }, "sha512-h3A88G8PGM1ryTeZyLlSdfC/gz3e95EJw9BZmA6Po412DRqwqPBa2Y9U+4ZSGUAXCsnSQE00jLV8Pyrh0d+jQw=="],

    "@biomejs/cli-win32-x64": ["@biomejs/cli-win32-x64@2.2.6", "", { "os": "win32", "cpu": "x64" }, "sha512-yx0CqeOhPjYQ5ZXgPfu8QYkgBhVJyvWe36as7jRuPrKPO5ylVDfwVtPQ+K/mooNTADW0IhxOZm3aPu16dP8yNQ=="],

    "@borewit/text-codec": ["@borewit/text-codec@0.2.1", "", {}, "sha512-k7vvKPbf7J2fZ5klGRD9AeKfUvojuZIQ3BT5u7Jfv+puwXkUBUT5PVyMDfJZpy30CBDXGMgw7fguK/lpOMBvgw=="],

    "@boundaryml/baml": ["@boundaryml/baml@0.211.2", "", { "dependencies": { "@scarf/scarf": "^1.3.0" }, "optionalDependencies": { "@boundaryml/baml-darwin-arm64": "0.211.2", "@boundaryml/baml-darwin-x64": "0.211.2", "@boundaryml/baml-linux-arm64-gnu": "0.211.2", "@boundaryml/baml-linux-arm64-musl": "0.211.2", "@boundaryml/baml-linux-x64-gnu": "0.211.2", "@boundaryml/baml-linux-x64-musl": "0.211.2", "@boundaryml/baml-win32-x64-msvc": "0.211.2" }, "bin": { "baml": "cli.js", "baml-cli": "cli.js" } }, "sha512-5uQBeqM2IFkYM49N/kXVsK/1wy3Rr8oA+XIMJZ+b/2we2f7lR9rxSVrT1fggIdoz/2Bwbbg1FcMkdJBwMNnGbg=="],

    "@boundaryml/baml-darwin-arm64": ["@boundaryml/baml-darwin-arm64@0.211.2", "", { "os": "darwin", "cpu": "arm64" }, "sha512-qsKhObXmCrMR1s0dvLPV57We2WAMPoSc4qOT635zayjMgYIwSoUpumbJ4h6DsojFN9VEbcjtR4HNRcbzdzHZEA=="],

    "@boundaryml/baml-darwin-x64": ["@boundaryml/baml-darwin-x64@0.211.2", "", { "os": "darwin", "cpu": "x64" }, "sha512-Bj+AIhMsvtZs8msfxKIiCaOleL0cx40aZXTLPJYfYMHTOuKLveqqIO7yQlZM8ZchJ6zh39DqN9YntTxju8zzWA=="],

    "@boundaryml/baml-linux-arm64-gnu": ["@boundaryml/baml-linux-arm64-gnu@0.211.2", "", { "os": "linux", "cpu": "arm64" }, "sha512-pqr1VH4vncdEMcnbDTyVg7wu34f1lDwxXbuGBCw7xwaFS2InGM3qefdtyVpzPU98IO20znr4mCs1OHaMVOdiVw=="],

    "@boundaryml/baml-linux-arm64-musl": ["@boundaryml/baml-linux-arm64-musl@0.211.2", "", { "os": "linux", "cpu": "arm64" }, "sha512-nkTxst17qrGlZJmhZqsguT4yPRVOlQKbrq/b515Hn/vTqJTGuLmpSCB8Xc7gOqyIN7/ipwkNMISVlAlSU5yUIg=="],

    "@boundaryml/baml-linux-x64-gnu": ["@boundaryml/baml-linux-x64-gnu@0.211.2", "", { "os": "linux", "cpu": "x64" }, "sha512-efnZlvst1vT0iF0WdzwRc6sjnfhvlkHhnBu2uS1x0rdH0ABhkgVi57uclRuWsjHz/OQ1WBC0sFp17GDmlaabHQ=="],

    "@boundaryml/baml-linux-x64-musl": ["@boundaryml/baml-linux-x64-musl@0.211.2", "", { "os": "linux", "cpu": "x64" }, "sha512-2FZp5Z9vVCMoquniwSAmrH64bHo/JmBm//jzlvo9vfcZbK7ca9zGwx0S/CG2HWGNQA5X5tesloY4yTjwZiy2dg=="],

    "@boundaryml/baml-win32-x64-msvc": ["@boundaryml/baml-win32-x64-msvc@0.211.2", "", { "os": "win32", "cpu": "x64" }, "sha512-hWN03CKQMtUQYgsfMVl5VsFRaCl9FOWNtFRInZtm8N9a9KgV7aYoLXctaBkVgmuaz5RH46vVC1oht7YF1R0vWQ=="],

    "@elysiajs/openapi": ["@elysiajs/openapi@1.4.14", "", { "peerDependencies": { "elysia": ">= 1.4.0" } }, "sha512-kWmJWdvP8/LwHwAJXSpz6xFfYUoyUyEPRimEYABuDU1rOnS27Da1u9T2jyU7frOopxKWV/wDfDxMP8z2xdCPJw=="],

    "@opentelemetry/api": ["@opentelemetry/api@1.9.0", "", {}, "sha512-3giAOQvZiH5F9bMlMiv8+GSPMeqg0dbaeo58/0SlA9sxSqZhnUtxzX9/2FzyhS9sWQf5S0GJE0AKBrFqjpeYcg=="],

    "@scarf/scarf": ["@scarf/scarf@1.4.0", "", {}, "sha512-xxeapPiUXdZAE3che6f3xogoJPeZgig6omHEy1rIY5WVsB3H2BHNnZH+gHG6x91SCWyQCzWGsuL2Hh3ClO5/qQ=="],

    "@sinclair/typebox": ["@sinclair/typebox@0.34.48", "", {}, "sha512-kKJTNuK3AQOrgjjotVxMrCn1sUJwM76wMszfq1kdU4uYVJjvEWuFQ6HgvLt4Xz3fSmZlTOxJ/Ie13KnIcWQXFA=="],

    "@tokenizer/inflate": ["@tokenizer/inflate@0.4.1", "", { "dependencies": { "debug": "^4.4.3", "token-types": "^6.1.1" } }, "sha512-2mAv+8pkG6GIZiF1kNg1jAjh27IDxEPKwdGul3snfztFerfPGI1LjDezZp3i7BElXompqEtPmoPx6c2wgtWsOA=="],

    "@tokenizer/token": ["@tokenizer/token@0.3.0", "", {}, "sha512-OvjF+z51L3ov0OyAU0duzsYuvO01PH7x4t6DJx+guahgTnBHkhJdG7soQeTSFLWN3efnHyibZ4Z8l2EuWwJN3A=="],

    "@types/bun": ["@types/bun@1.3.9", "", { "dependencies": { "bun-types": "1.3.9" } }, "sha512-KQ571yULOdWJiMH+RIWIOZ7B2RXQGpL1YQrBtLIV3FqDcCu6FsbFUBwhdKUlCKUpS3PJDsHlJ1QKlpxoVR+xtw=="],

    "@types/diff-match-patch": ["@types/diff-match-patch@1.0.36", "", {}, "sha512-xFdR6tkm0MWvBfO8xXCSsinYxHcqkQUlcHeSpMC2ukzOb6lwQAfDmW+Qt0AvlGd8HpsS28qKsB+oPeJn9I39jg=="],

    "@types/node": ["@types/node@25.3.2", "", { "dependencies": { "undici-types": "~7.18.0" } }, "sha512-RpV6r/ij22zRRdyBPcxDeKAzH43phWVKEjL2iksqo1Vz3CuBUrgmPpPhALKiRfU7OMCmeeO9vECBMsV0hMTG8Q=="],

    "ai": ["ai@4.3.19", "", { "dependencies": { "@ai-sdk/provider": "1.1.3", "@ai-sdk/provider-utils": "2.2.8", "@ai-sdk/react": "1.2.12", "@ai-sdk/ui-utils": "1.2.11", "@opentelemetry/api": "1.9.0", "jsondiffpatch": "0.6.0" }, "peerDependencies": { "react": "^18 || ^19 || ^19.0.0-rc", "zod": "^3.23.8" }, "optionalPeers": ["react"] }, "sha512-dIE2bfNpqHN3r6IINp9znguYdhIOheKW2LDigAMrgt/upT3B8eBGPSCblENvaZGoq+hxaN9fSMzjWpbqloP+7Q=="],

    "ansi-regex": ["ansi-regex@5.0.1", "", {}, "sha512-quJQXlTSUGL2LH9SUXo8VwsY4soanhgo6LNSm84E1LBcE8s3O0wpdiRzyR9z/ZZJMlMWv37qOOb9pdJlMUEKFQ=="],

    "bun-types": ["bun-types@1.3.9", "", { "dependencies": { "@types/node": "*" } }, "sha512-+UBWWOakIP4Tswh0Bt0QD0alpTY8cb5hvgiYeWCMet9YukHbzuruIEeXC2D7nMJPB12kbh8C7XJykSexEqGKJg=="],

    "chalk": ["chalk@5.6.2", "", {}, "sha512-7NzBL0rN6fMUW+f7A6Io4h40qQlG+xGmtMxfbnH/K7TAtt8JQWVQK+6g0UXKMeVJoyV5EkkNsErQ8pVD3bLHbA=="],

    "cli-progress": ["cli-progress@3.12.0", "", { "dependencies": { "string-width": "^4.2.3" } }, "sha512-tRkV3HJ1ASwm19THiiLIXLO7Im7wlTuKnvkYaTkyoAPefqjNg7W7DHKUlGRxy9vxDvbyCYQkQozvptuMkGCg8A=="],

    "cookie": ["cookie@1.1.1", "", {}, "sha512-ei8Aos7ja0weRpFzJnEA9UHJ/7XQmqglbRwnf2ATjcB9Wq874VKH9kfjjirM6UhU2/E5fFYadylyhFldcqSidQ=="],

    "debug": ["debug@4.4.3", "", { "dependencies": { "ms": "^2.1.3" } }, "sha512-RGwwWnwQvkVfavKVt22FGLw+xYSdzARwm0ru6DhTVA3umU5hZc28V3kO4stgYryrTlLpuvgI9GiijltAjNbcqA=="],

    "dequal": ["dequal@2.0.3", "", {}, "sha512-0je+qPKHEMohvfRTCEo3CrPG6cAzAYgmzKyxRiYSSDkS6eGJdyVJm7WaYA5ECaAD9wLB2T4EEeymA5aFVcYXCA=="],

    "diff-match-patch": ["diff-match-patch@1.0.5", "", {}, "sha512-IayShXAgj/QMXgB0IWmKx+rOPuGMhqm5w6jvFxmVenXKIzRqTAAsbBPT3kWQeGANj3jGgvcvv4yK6SxqYmikgw=="],

    "dotenv": ["dotenv@17.3.1", "", {}, "sha512-IO8C/dzEb6O3F9/twg6ZLXz164a2fhTnEWb95H23Dm4OuN+92NmEAlTrupP9VW6Jm3sO26tQlqyvyi4CsnY9GA=="],

    "elysia": ["elysia@1.4.26", "", { "dependencies": { "cookie": "^1.1.1", "exact-mirror": "^0.2.7", "fast-decode-uri-component": "^1.0.1", "memoirist": "^0.4.0" }, "peerDependencies": { "@sinclair/typebox": ">= 0.34.0 < 1", "@types/bun": ">= 1.2.0", "file-type": ">= 20.0.0", "openapi-types": ">= 12.0.0", "typescript": ">= 5.0.0" }, "optionalPeers": ["@types/bun", "typescript"] }, "sha512-oGhEFYwt+4M/U9w34XTdBen2KOQIa/PXne40zUkTWRgJlVJNBhepxOdjWeY1U0CbYoEOyZaj1tc79wOsuCxMYw=="],

    "emoji-regex": ["emoji-regex@8.0.0", "", {}, "sha512-MSjYzcWNOA0ewAHpz0MxpYFvwg6yjy1NG3xteoqz644VCo/RPgnr1/GGt+ic3iJTzQ8Eu3TdM14SawnVUmGE6A=="],

    "eventsource-parser": ["eventsource-parser@3.0.6", "", {}, "sha512-Vo1ab+QXPzZ4tCa8SwIHJFaSzy4R6SHf7BY79rFBDf0idraZWAkYrDjDj8uWaSm3S2TK+hJ7/t1CEmZ7jXw+pg=="],

    "exact-mirror": ["exact-mirror@0.2.7", "", { "peerDependencies": { "@sinclair/typebox": "^0.34.15" }, "optionalPeers": ["@sinclair/typebox"] }, "sha512-+MeEmDcLA4o/vjK2zujgk+1VTxPR4hdp23qLqkWfStbECtAq9gmsvQa3LW6z/0GXZyHJobrCnmy1cdeE7BjsYg=="],

    "fast-decode-uri-component": ["fast-decode-uri-component@1.0.1", "", {}, "sha512-WKgKWg5eUxvRZGwW8FvfbaH7AXSh2cL+3j5fMGzUMCxWBJ3dV3a7Wz8y2f/uQ0e3B6WmodD3oS54jTQ9HVTIIg=="],

    "fern-api": ["fern-api@3.90.7", "", { "dependencies": { "@boundaryml/baml": "^0.211.2", "cli-progress": "^3.12.0" }, "bin": { "fern": "cli.cjs" } }, "sha512-suKjiUWEt0V9stYx6XvSC9cppT5CnFA26BWIsBFmXrncVW/8oZU3aK7Fy/MYYrsIKxeOLMw2NY/7DciIPI2YFw=="],

    "file-type": ["file-type@21.3.0", "", { "dependencies": { "@tokenizer/inflate": "^0.4.1", "strtok3": "^10.3.4", "token-types": "^6.1.1", "uint8array-extras": "^1.4.0" } }, "sha512-8kPJMIGz1Yt/aPEwOsrR97ZyZaD1Iqm8PClb1nYFclUCkBi0Ma5IsYNQzvSFS9ib51lWyIw5mIT9rWzI/xjpzA=="],

    "ieee754": ["ieee754@1.2.1", "", {}, "sha512-dcyqhDvX1C46lXZcVqCpK+FtMRQVdIMN6/Df5js2zouUsqG7I6sFxitIC+7KYK29KdXOLHdu9zL4sFnoVQnqaA=="],

    "is-fullwidth-code-point": ["is-fullwidth-code-point@3.0.0", "", {}, "sha512-zymm5+u+sCsSWyD9qNaejV3DFvhCKclKdizYaJUuHA83RLjb7nSuGnddCHGv0hk+KY7BMAlsWeK4Ueg6EV6XQg=="],

    "json-schema": ["json-schema@0.4.0", "", {}, "sha512-es94M3nTIfsEPisRafak+HDLfHXnKBhV3vU5eqPcS3flIWqcxJWgXHXiey3YrpaNsanY5ei1VoYEbOzijuq9BA=="],

    "jsondiffpatch": ["jsondiffpatch@0.6.0", "", { "dependencies": { "@types/diff-match-patch": "^1.0.36", "chalk": "^5.3.0", "diff-match-patch": "^1.0.5" }, "bin": { "jsondiffpatch": "bin/jsondiffpatch.js" } }, "sha512-3QItJOXp2AP1uv7waBkao5nCvhEv+QmJAd38Ybq7wNI74Q+BBmnLn4EDKz6yI9xGAIQoUF87qHt+kc1IVxB4zQ=="],

    "memoirist": ["memoirist@0.4.0", "", {}, "sha512-zxTgA0mSYELa66DimuNQDvyLq36AwDlTuVRbnQtB+VuTcKWm5Qc4z3WkSpgsFWHNhexqkIooqpv4hdcqrX5Nmg=="],

    "ms": ["ms@2.1.3", "", {}, "sha512-6FlzubTLZG3J2a/NVCAleEhjzq5oxgHyaCU9yYXvcLsvoVaHJq/s5xXI6/XXP6tz7R9xAOtHnSO/tXtF3WRTlA=="],

    "nanoid": ["nanoid@3.3.11", "", { "bin": { "nanoid": "bin/nanoid.cjs" } }, "sha512-N8SpfPUnUp1bK+PMYW8qSWdl9U+wwNWI4QKxOYDy9JAro3WMX7p2OeVRF9v+347pnakNevPmiHhNmZ2HbFA76w=="],

    "openapi-types": ["openapi-types@12.1.3", "", {}, "sha512-N4YtSYJqghVu4iek2ZUvcN/0aqH1kRDuNqzcycDxhOUpg7GdvLa2F3DgS6yBNhInhv2r/6I0Flkn7CqL8+nIcw=="],

    "react": ["react@19.2.4", "", {}, "sha512-9nfp2hYpCwOjAN+8TZFGhtWEwgvWHXqESH8qT89AT/lWklpLON22Lc8pEtnpsZz7VmawabSU0gCjnj8aC0euHQ=="],

    "secure-json-parse": ["secure-json-parse@2.7.0", "", {}, "sha512-6aU+Rwsezw7VR8/nyvKTx8QpWH9FrcYiXXlqC4z5d5XQBDRqtbfsRjnwGyqbi3gddNtWHuEk9OANUotL26qKUw=="],

    "string-width": ["string-width@4.2.3", "", { "dependencies": { "emoji-regex": "^8.0.0", "is-fullwidth-code-point": "^3.0.0", "strip-ansi": "^6.0.1" } }, "sha512-wKyQRQpjJ0sIp62ErSZdGsjMJWsap5oRNihHhu6G7JVO/9jIB6UyevL+tXuOqrng8j/cxKTWyWUwvSTriiZz/g=="],

    "strip-ansi": ["strip-ansi@6.0.1", "", { "dependencies": { "ansi-regex": "^5.0.1" } }, "sha512-Y38VPSHcqkFrCpFnQ9vuSXmquuv5oXOKpGeT6aGrr3o3Gc9AlVa6JBfUSOCnbxGGZF+/0ooI7KrPuUSztUdU5A=="],

    "strtok3": ["strtok3@10.3.4", "", { "dependencies": { "@tokenizer/token": "^0.3.0" } }, "sha512-KIy5nylvC5le1OdaaoCJ07L+8iQzJHGH6pWDuzS+d07Cu7n1MZ2x26P8ZKIWfbK02+XIL8Mp4RkWeqdUCrDMfg=="],

    "swr": ["swr@2.4.0", "", { "dependencies": { "dequal": "^2.0.3", "use-sync-external-store": "^1.6.0" }, "peerDependencies": { "react": "^16.11.0 || ^17.0.0 || ^18.0.0 || ^19.0.0" } }, "sha512-sUlC20T8EOt1pHmDiqueUWMmRRX03W7w5YxovWX7VR2KHEPCTMly85x05vpkP5i6Bu4h44ePSMD9Tc+G2MItFw=="],

    "throttleit": ["throttleit@2.1.0", "", {}, "sha512-nt6AMGKW1p/70DF/hGBdJB57B8Tspmbp5gfJ8ilhLnt7kkr2ye7hzD6NVG8GGErk2HWF34igrL2CXmNIkzKqKw=="],

    "token-types": ["token-types@6.1.2", "", { "dependencies": { "@borewit/text-codec": "^0.2.1", "@tokenizer/token": "^0.3.0", "ieee754": "^1.2.1" } }, "sha512-dRXchy+C0IgK8WPC6xvCHFRIWYUbqqdEIKPaKo/AcTUNzwLTK6AH7RjdLWsEZcAN/TBdtfUw3PYEgPr5VPr6ww=="],

    "typescript": ["typescript@5.9.3", "", { "bin": { "tsc": "bin/tsc", "tsserver": "bin/tsserver" } }, "sha512-jl1vZzPDinLr9eUt3J/t7V6FgNEw9QjvBPdysz9KfQDD41fQrC2Y4vKQdiaUpFT4bXlb1RHhLpp8wtm6M5TgSw=="],

    "uint8array-extras": ["uint8array-extras@1.5.0", "", {}, "sha512-rvKSBiC5zqCCiDZ9kAOszZcDvdAHwwIKJG33Ykj43OKcWsnmcBRL09YTU4nOeHZ8Y2a7l1MgTd08SBe9A8Qj6A=="],

    "undici-types": ["undici-types@7.18.2", "", {}, "sha512-AsuCzffGHJybSaRrmr5eHr81mwJU3kjw6M+uprWvCXiNeN9SOGwQ3Jn8jb8m3Z6izVgknn1R0FTCEAP2QrLY/w=="],

    "use-sync-external-store": ["use-sync-external-store@1.6.0", "", { "peerDependencies": { "react": "^16.8.0 || ^17.0.0 || ^18.0.0 || ^19.0.0" } }, "sha512-Pp6GSwGP/NrPIrxVFAIkOQeyw8lFenOHijQWkUTrDvrF4ALqylP2C/KCkeS9dpUM3KvYRQhna5vt7IL95+ZQ9w=="],

    "zod": ["zod@3.25.76", "", {}, "sha512-gzUt/qt81nXsFGKIFcC3YnfEAx5NkunCfnDlvuBSSFS02bcXu4Lmea0AFIUwbLWxWPx3d9p8S5QoaujKcNQxcQ=="],

    "zod-to-json-schema": ["zod-to-json-schema@3.25.1", "", { "peerDependencies": { "zod": "^3.25 || ^4" } }, "sha512-pM/SU9d3YAggzi6MtR4h7ruuQlqKtad8e9S0fmxcMi+ueAK5Korys/aWcV9LIIHTVbj01NdzxcnXSN+O74ZIVA=="],

    "@ai-sdk/react/@ai-sdk/provider-utils": ["@ai-sdk/provider-utils@2.2.8", "", { "dependencies": { "@ai-sdk/provider": "1.1.3", "nanoid": "^3.3.8", "secure-json-parse": "^2.7.0" }, "peerDependencies": { "zod": "^3.23.8" } }, "sha512-fqhG+4sCVv8x7nFzYnFo19ryhAa3w096Kmc3hWxMQfW/TubPOmt3A6tYZhl4mUfQWWQMsuSkLrtjlWuXBVSGQA=="],

    "@ai-sdk/ui-utils/@ai-sdk/provider": ["@ai-sdk/provider@1.1.3", "", { "dependencies": { "json-schema": "^0.4.0" } }, "sha512-qZMxYJ0qqX/RfnuIaab+zp8UAeJn/ygXXAffR5I4N0n1IrvA6qBsjc8hXLmBiMV2zoXlifkacF7sEFnYnjBcqg=="],

    "@ai-sdk/ui-utils/@ai-sdk/provider-utils": ["@ai-sdk/provider-utils@2.2.8", "", { "dependencies": { "@ai-sdk/provider": "1.1.3", "nanoid": "^3.3.8", "secure-json-parse": "^2.7.0" }, "peerDependencies": { "zod": "^3.23.8" } }, "sha512-fqhG+4sCVv8x7nFzYnFo19ryhAa3w096Kmc3hWxMQfW/TubPOmt3A6tYZhl4mUfQWWQMsuSkLrtjlWuXBVSGQA=="],

    "ai/@ai-sdk/provider": ["@ai-sdk/provider@1.1.3", "", { "dependencies": { "json-schema": "^0.4.0" } }, "sha512-qZMxYJ0qqX/RfnuIaab+zp8UAeJn/ygXXAffR5I4N0n1IrvA6qBsjc8hXLmBiMV2zoXlifkacF7sEFnYnjBcqg=="],

    "ai/@ai-sdk/provider-utils": ["@ai-sdk/provider-utils@2.2.8", "", { "dependencies": { "@ai-sdk/provider": "1.1.3", "nanoid": "^3.3.8", "secure-json-parse": "^2.7.0" }, "peerDependencies": { "zod": "^3.23.8" } }, "sha512-fqhG+4sCVv8x7nFzYnFo19ryhAa3w096Kmc3hWxMQfW/TubPOmt3A6tYZhl4mUfQWWQMsuSkLrtjlWuXBVSGQA=="],

    "@ai-sdk/react/@ai-sdk/provider-utils/@ai-sdk/provider": ["@ai-sdk/provider@1.1.3", "", { "dependencies": { "json-schema": "^0.4.0" } }, "sha512-qZMxYJ0qqX/RfnuIaab+zp8UAeJn/ygXXAffR5I4N0n1IrvA6qBsjc8hXLmBiMV2zoXlifkacF7sEFnYnjBcqg=="],
  }
}
